// !$*UTF8*$!
{
	archiveVersion = 1;
	classes = {
	};
	objectVersion = 55;
	objects = {

/* Begin PBXBuildFile section */
		0435507F2B36B43100460DC8 /* AppDelegate.swift in Sources */ = {isa = PBXBuildFile; fileRef = 0435507E2B36B43100460DC8 /* AppDelegate.swift */; };
		043550812B36B43100460DC8 /* SceneDelegate.swift in Sources */ = {isa = PBXBuildFile; fileRef = 043550802B36B43100460DC8 /* SceneDelegate.swift */; };
		043550832B36B43100460DC8 /* ViewController.swift in Sources */ = {isa = PBXBuildFile; fileRef = 043550822B36B43100460DC8 /* ViewController.swift */; };
		043550862B36B43100460DC8 /* Main.storyboard in Resources */ = {isa = PBXBuildFile; fileRef = 043550842B36B43100460DC8 /* Main.storyboard */; };
		043550882B36B43200460DC8 /* Assets.xcassets in Resources */ = {isa = PBXBuildFile; fileRef = 043550872B36B43200460DC8 /* Assets.xcassets */; };
		0435508B2B36B43200460DC8 /* LaunchScreen.storyboard in Resources */ = {isa = PBXBuildFile; fileRef = 043550892B36B43200460DC8 /* LaunchScreen.storyboard */; };
		043550942B36B44A00460DC8 /* PostCollectionViewCell.swift in Sources */ = {isa = PBXBuildFile; fileRef = 043550922B36B44A00460DC8 /* PostCollectionViewCell.swift */; };
		043550952B36B44A00460DC8 /* PostCollectionViewCell.xib in Resources */ = {isa = PBXBuildFile; fileRef = 043550932B36B44A00460DC8 /* PostCollectionViewCell.xib */; };
		043550982B36B4EF00460DC8 /* Kingfisher in Frameworks */ = {isa = PBXBuildFile; productRef = 043550972B36B4EF00460DC8 /* Kingfisher */; };
		0435509A2B36B72700460DC8 /* Post.swift in Sources */ = {isa = PBXBuildFile; fileRef = 043550992B36B72700460DC8 /* Post.swift */; };
/* End PBXBuildFile section */

/* Begin PBXFileReference section */
		0435507B2B36B43100460DC8 /* FetchDataAssignment2CollectionView1.app */ = {isa = PBXFileReference; explicitFileType = wrapper.application; includeInIndex = 0; path = FetchDataAssignment2CollectionView1.app; sourceTree = BUILT_PRODUCTS_DIR; };
		0435507E2B36B43100460DC8 /* AppDelegate.swift */ = {isa = PBXFileReference; lastKnownFileType = sourcecode.swift; path = AppDelegate.swift; sourceTree = "<group>"; };
		043550802B36B43100460DC8 /* SceneDelegate.swift */ = {isa = PBXFileReference; lastKnownFileType = sourcecode.swift; path = SceneDelegate.swift; sourceTree = "<group>"; };
		043550822B36B43100460DC8 /* ViewController.swift */ = {isa = PBXFileReference; lastKnownFileType = sourcecode.swift; path = ViewController.swift; sourceTree = "<group>"; };
		043550852B36B43100460DC8 /* Base */ = {isa = PBXFileReference; lastKnownFileType = file.storyboard; name = Base; path = Base.lproj/Main.storyboard; sourceTree = "<group>"; };
		043550872B36B43200460DC8 /* Assets.xcassets */ = {isa = PBXFileReference; lastKnownFileType = folder.assetcatalog; path = Assets.xcassets; sourceTree = "<group>"; };
		0435508A2B36B43200460DC8 /* Base */ = {isa = PBXFileReference; lastKnownFileType = file.storyboard; name = Base; path = Base.lproj/LaunchScreen.storyboard; sourceTree = "<group>"; };
		0435508C2B36B43200460DC8 /* Info.plist */ = {isa = PBXFileReference; lastKnownFileType = text.plist.xml; path = Info.plist; sourceTree = "<group>"; };
		043550922B36B44A00460DC8 /* PostCollectionViewCell.swift */ = {isa = PBXFileReference; lastKnownFileType = sourcecode.swift; path = PostCollectionViewCell.swift; sourceTree = "<group>"; };
		043550932B36B44A00460DC8 /* PostCollectionViewCell.xib */ = {isa = PBXFileReference; lastKnownFileType = file.xib; path = PostCollectionViewCell.xib; sourceTree = "<group>"; };
		043550992B36B72700460DC8 /* Post.swift */ = {isa = PBXFileReference; lastKnownFileType = sourcecode.swift; path = Post.swift; sourceTree = "<group>"; };
/* End PBXFileReference section */

/* Begin PBXFrameworksBuildPhase section */
		043550782B36B43100460DC8 /* Frameworks */ = {
			isa = PBXFrameworksBuildPhase;
			buildActionMask = 2147483647;
			files = (
				043550982B36B4EF00460DC8 /* Kingfisher in Frameworks */,
			);
			runOnlyForDeploymentPostprocessing = 0;
		};
/* End PBXFrameworksBuildPhase section */

/* Begin PBXGroup section */
		043550722B36B43100460DC8 = {
			isa = PBXGroup;
			children = (
				0435507D2B36B43100460DC8 /* FetchDataAssignment2CollectionView1 */,
				0435507C2B36B43100460DC8 /* Products */,
			);
			sourceTree = "<group>";
		};
		0435507C2B36B43100460DC8 /* Products */ = {
			isa = PBXGroup;
			children = (
				0435507B2B36B43100460DC8 /* FetchDataAssignment2CollectionView1.app */,
			);
			name = Products;
			sourceTree = "<group>";
		};
		0435507D2B36B43100460DC8 /* FetchDataAssignment2CollectionView1 */ = {
			isa = PBXGroup;
			children = (
				0435507E2B36B43100460DC8 /* AppDelegate.swift */,
				043550992B36B72700460DC8 /* Post.swift */,
				043550922B36B44A00460DC8 /* PostCollectionViewCell.swift */,
				043550932B36B44A00460DC8 /* PostCollectionViewCell.xib */,
				043550802B36B43100460DC8 /* SceneDelegate.swift */,
				043550822B36B43100460DC8 /* ViewController.swift */,
				043550842B36B43100460DC8 /* Main.storyboard */,
				043550872B36B43200460DC8 /* Assets.xcassets */,
				043550892B36B43200460DC8 /* LaunchScreen.storyboard */,
				0435508C2B36B43200460DC8 /* Info.plist */,
			);
			path = FetchDataAssignment2CollectionView1;
			sourceTree = "<group>";
		};
/* End PBXGroup section */

/* Begin PBXNativeTarget section */
		0435507A2B36B43100460DC8 /* FetchDataAssignment2CollectionView1 */ = {
			isa = PBXNativeTarget;
			buildConfigurationList = 0435508F2B36B43200460DC8 /* Build configuration list for PBXNativeTarget "FetchDataAssignment2CollectionView1" */;
			buildPhases = (
				043550772B36B43100460DC8 /* Sources */,
				043550782B36B43100460DC8 /* Frameworks */,
				043550792B36B43100460DC8 /* Resources */,
			);
			buildRules = (
			);
			dependencies = (
			);
			name = FetchDataAssignment2CollectionView1;
			packageProductDependencies = (
				043550972B36B4EF00460DC8 /* Kingfisher */,
			);
			productName = FetchDataAssignment2CollectionView1;
			productReference = 0435507B2B36B43100460DC8 /* FetchDataAssignment2CollectionView1.app */;
			productType = "com.apple.product-type.application";
		};
/* End PBXNativeTarget section */

/* Begin PBXProject section */
		043550732B36B43100460DC8 /* Project object */ = {
			isa = PBXProject;
			attributes = {
				BuildIndependentTargetsInParallel = 1;
				LastSwiftUpdateCheck = 1340;
				LastUpgradeCheck = 1340;
				TargetAttributes = {
					0435507A2B36B43100460DC8 = {
						CreatedOnToolsVersion = 13.4.1;
					};
				};
			};
			buildConfigurationList = 043550762B36B43100460DC8 /* Build configuration list for PBXProject "FetchDataAssignment2CollectionView1" */;
			compatibilityVersion = "Xcode 13.0";
			developmentRegion = en;
			hasScannedForEncodings = 0;
			knownRegions = (
				en,
				Base,
			);
			mainGroup = 043550722B36B43100460DC8;
			packageReferences = (
				043550962B36B4EF00460DC8 /* XCRemoteSwiftPackageReference "Kingfisher" */,
			);
			productRefGroup = 0435507C2B36B43100460DC8 /* Products */;
			projectDirPath = "";
			projectRoot = "";
			targets = (
				0435507A2B36B43100460DC8 /* FetchDataAssignment2CollectionView1 */,
			);
		};
/* End PBXProject section */

/* Begin PBXResourcesBuildPhase section */
		043550792B36B43100460DC8 /* Resources */ = {
			isa = PBXResourcesBuildPhase;
			buildActionMask = 2147483647;
			files = (
				043550952B36B44A00460DC8 /* PostCollectionViewCell.xib in Resources */,
				0435508B2B36B43200460DC8 /* LaunchScreen.storyboard in Resources */,
				043550882B36B43200460DC8 /* Assets.xcassets in Resources */,
				043550862B36B43100460DC8 /* Main.storyboard in Resources */,
			);
			runOnlyForDeploymentPostprocessing = 0;
		};
/* End PBXResourcesBuildPhase section */

/* Begin PBXSourcesBuildPhase section */
		043550772B36B43100460DC8 /* Sources */ = {
			isa = PBXSourcesBuildPhase;
			buildActionMask = 2147483647;
			files = (
				043550942B36B44A00460DC8 /* PostCollectionViewCell.swift in Sources */,
				043550832B36B43100460DC8 /* ViewController.swift in Sources */,
				0435507F2B36B43100460DC8 /* AppDelegate.swift in Sources */,
				043550812B36B43100460DC8 /* SceneDelegate.swift in Sources */,
				0435509A2B36B72700460DC8 /* Post.swift in Sources */,
			);
			runOnlyForDeploymentPostprocessing = 0;
		};
/* End PBXSourcesBuildPhase section */

/* Begin PBXVariantGroup section */
		043550842B36B43100460DC8 /* Main.storyboard */ = {
			isa = PBXVariantGroup;
			children = (
				043550852B36B43100460DC8 /* Base */,
			);
			name = Main.storyboard;
			sourceTree = "<group>";
		};
		043550892B36B43200460DC8 /* LaunchScreen.storyboard */ = {
			isa = PBXVariantGroup;
			children = (
				0435508A2B36B43200460DC8 /* Base */,
			);
			name = LaunchScreen.storyboard;
			sourceTree = "<group>";
		};
/* End PBXVariantGroup section */

/* Begin XCBuildConfiguration section */
		0435508D2B36B43200460DC8 /* Debug */ = {
			isa = XCBuildConfiguration;
			buildSettings = {
				ALWAYS_SEARCH_USER_PATHS = NO;
				CLANG_ANALYZER_NONNULL = YES;
				CLANG_ANALYZER_NUMBER_OBJECT_CONVERSION = YES_AGGRESSIVE;
				CLANG_CXX_LANGUAGE_STANDARD = "gnu++17";
				CLANG_ENABLE_MODULES = YES;
				CLANG_ENABLE_OBJC_ARC = YES;
				CLANG_ENABLE_OBJC_WEAK = YES;
				CLANG_WARN_BLOCK_CAPTURE_AUTORELEASING = YES;
				CLANG_WARN_BOOL_CONVERSION = YES;
				CLANG_WARN_COMMA = YES;
				CLANG_WARN_CONSTANT_CONVERSION = YES;
				CLANG_WARN_DEPRECATED_OBJC_IMPLEMENTATIONS = YES;
				CLANG_WARN_DIRECT_OBJC_ISA_USAGE = YES_ERROR;
				CLANG_WARN_DOCUMENTATION_COMMENTS = YES;
				CLANG_WARN_EMPTY_BODY = YES;
				CLANG_WARN_ENUM_CONVERSION = YES;
				CLANG_WARN_INFINITE_RECURSION = YES;
				CLANG_WARN_INT_CONVERSION = YES;
				CLANG_WARN_NON_LITERAL_NULL_CONVERSION = YES;
				CLANG_WARN_OBJC_IMPLICIT_RETAIN_SELF = YES;
				CLANG_WARN_OBJC_LITERAL_CONVERSION = YES;
				CLANG_WARN_OBJC_ROOT_CLASS = YES_ERROR;
				CLANG_WARN_QUOTED_INCLUDE_IN_FRAMEWORK_HEADER = YES;
				CLANG_WARN_RANGE_LOOP_ANALYSIS = YES;
				CLANG_WARN_STRICT_PROTOTYPES = YES;
				CLANG_WARN_SUSPICIOUS_MOVE = YES;
				CLANG_WARN_UNGUARDED_AVAILABILITY = YES_AGGRESSIVE;
				CLANG_WARN_UNREACHABLE_CODE = YES;
				CLANG_WARN__DUPLICATE_METHOD_MATCH = YES;
				COPY_PHASE_STRIP = NO;
				DEBUG_INFORMATION_FORMAT = dwarf;
				ENABLE_STRICT_OBJC_MSGSEND = YES;
				ENABLE_TESTABILITY = YES;
				GCC_C_LANGUAGE_STANDARD = gnu11;
				GCC_DYNAMIC_NO_PIC = NO;
				GCC_NO_COMMON_BLOCKS = YES;
				GCC_OPTIMIZATION_LEVEL = 0;
				GCC_PREPROCESSOR_DEFINITIONS = (
					"DEBUG=1",
					"$(inherited)",
				);
				GCC_WARN_64_TO_32_BIT_CONVERSION = YES;
				GCC_WARN_ABOUT_RETURN_TYPE = YES_ERROR;
				GCC_WARN_UNDECLARED_SELECTOR = YES;
				GCC_WARN_UNINITIALIZED_AUTOS = YES_AGGRESSIVE;
				GCC_WARN_UNUSED_FUNCTION = YES;
				GCC_WARN_UNUSED_VARIABLE = YES;
				IPHONEOS_DEPLOYMENT_TARGET = 15.5;
				MTL_ENABLE_DEBUG_INFO = INCLUDE_SOURCE;
				MTL_FAST_MATH = YES;
				ONLY_ACTIVE_ARCH = YES;
				SDKROOT = iphoneos;
				SWIFT_ACTIVE_COMPILATION_CONDITIONS = DEBUG;
				SWIFT_OPTIMIZATION_LEVEL = "-Onone";
			};
			name = Debug;
		};
		0435508E2B36B43200460DC8 /* Release */ = {
			isa = XCBuildConfiguration;
			buildSettings = {
				ALWAYS_SEARCH_USER_PATHS = NO;
				CLANG_ANALYZER_NONNULL = YES;
				CLANG_ANALYZER_NUMBER_OBJECT_CONVERSION = YES_AGGRESSIVE;
				CLANG_CXX_LANGUAGE_STANDARD = "gnu++17";
				CLANG_ENABLE_MODULES = YES;
				CLANG_ENABLE_OBJC_ARC = YES;
				CLANG_ENABLE_OBJC_WEAK = YES;
				CLANG_WARN_BLOCK_CAPTURE_AUTORELEASING = YES;
				CLANG_WARN_BOOL_CONVERSION = YES;
				CLANG_WARN_COMMA = YES;
				CLANG_WARN_CONSTANT_CONVERSION = YES;
				CLANG_WARN_DEPRECATED_OBJC_IMPLEMENTATIONS = YES;
				CLANG_WARN_DIRECT_OBJC_ISA_USAGE = YES_ERROR;
				CLANG_WARN_DOCUMENTATION_COMMENTS = YES;
				CLANG_WARN_EMPTY_BODY = YES;
				CLANG_WARN_ENUM_CONVERSION = YES;
				CLANG_WARN_INFINITE_RECURSION = YES;
				CLANG_WARN_INT_CONVERSION = YES;
				CLANG_WARN_NON_LITERAL_NULL_CONVERSION = YES;
				CLANG_WARN_OBJC_IMPLICIT_RETAIN_SELF = YES;
				CLANG_WARN_OBJC_LITERAL_CONVERSION = YES;
				CLANG_WARN_OBJC_ROOT_CLASS = YES_ERROR;
				CLANG_WARN_QUOTED_INCLUDE_IN_FRAMEWORK_HEADER = YES;
				CLANG_WARN_RANGE_LOOP_ANALYSIS = YES;
				CLANG_WARN_STRICT_PROTOTYPES = YES;
				CLANG_WARN_SUSPICIOUS_MOVE = YES;
				CLANG_WARN_UNGUARDED_AVAILABILITY = YES_AGGRESSIVE;
				CLANG_WARN_UNREACHABLE_CODE = YES;
				CLANG_WARN__DUPLICATE_METHOD_MATCH = YES;
				COPY_PHASE_STRIP = NO;
				DEBUG_INFORMATION_FORMAT = "dwarf-with-dsym";
				ENABLE_NS_ASSERTIONS = NO;
				ENABLE_STRICT_OBJC_MSGSEND = YES;
				GCC_C_LANGUAGE_STANDARD = gnu11;
				GCC_NO_COMMON_BLOCKS = YES;
				GCC_WARN_64_TO_32_BIT_CONVERSION = YES;
				GCC_WARN_ABOUT_RETURN_TYPE = YES_ERROR;
				GCC_WARN_UNDECLARED_SELECTOR = YES;
				GCC_WARN_UNINITIALIZED_AUTOS = YES_AGGRESSIVE;
				GCC_WARN_UNUSED_FUNCTION = YES;
				GCC_WARN_UNUSED_VARIABLE = YES;
				IPHONEOS_DEPLOYMENT_TARGET = 15.5;
				MTL_ENABLE_DEBUG_INFO = NO;
				MTL_FAST_MATH = YES;
				SDKROOT = iphoneos;
				SWIFT_COMPILATION_MODE = wholemodule;
				SWIFT_OPTIMIZATION_LEVEL = "-O";
				VALIDATE_PRODUCT = YES;
			};
			name = Release;
		};
		043550902B36B43200460DC8 /* Debug */ = {
			isa = XCBuildConfiguration;
			buildSettings = {
				ASSETCATALOG_COMPILER_APPICON_NAME = AppIcon;
				ASSETCATALOG_COMPILER_GLOBAL_ACCENT_COLOR_NAME = AccentColor;
				CODE_SIGN_STYLE = Automatic;
				CURRENT_PROJECT_VERSION = 1;
				GENERATE_INFOPLIST_FILE = YES;
				INFOPLIST_FILE = FetchDataAssignment2CollectionView1/Info.plist;
				INFOPLIST_KEY_UIApplicationSupportsIndirectInputEvents = YES;
				INFOPLIST_KEY_UILaunchStoryboardName = LaunchScreen;
				INFOPLIST_KEY_UIMainStoryboardFile = Main;
				INFOPLIST_KEY_UISupportedInterfaceOrientations_iPad = "UIInterfaceOrientationPortrait UIInterfaceOrientationPortraitUpsideDown UIInterfaceOrientationLandscapeLeft UIInterfaceOrientationLandscapeRight";
				INFOPLIST_KEY_UISupportedInterfaceOrientations_iPhone = "UIInterfaceOrientationPortrait UIInterfaceOrientationLandscapeLeft UIInterfaceOrientationLandscapeRight";
				LD_RUNPATH_SEARCH_PATHS = (
					"$(inherited)",
					"@executable_path/Frameworks",
				);
				MARKETING_VERSION = 1.0;
				PRODUCT_BUNDLE_IDENTIFIER = in.bitcode.FetchDataAssignment2CollectionView1;
				PRODUCT_NAME = "$(TARGET_NAME)";
				SWIFT_EMIT_LOC_STRINGS = YES;
				SWIFT_VERSION = 5.0;
				TARGETED_DEVICE_FAMILY = "1,2";
			};
			name = Debug;
		};
		043550912B36B43200460DC8 /* Release */ = {
			isa = XCBuildConfiguration;
			buildSettings = {
				ASSETCATALOG_COMPILER_APPICON_NAME = AppIcon;
				ASSETCATALOG_COMPILER_GLOBAL_ACCENT_COLOR_NAME = AccentColor;
				CODE_SIGN_STYLE = Automatic;
				CURRENT_PROJECT_VERSION = 1;
				GENERATE_INFOPLIST_FILE = YES;
				INFOPLIST_FILE = FetchDataAssignment2CollectionView1/Info.plist;
				INFOPLIST_KEY_UIApplicationSupportsIndirectInputEvents = YES;
				INFOPLIST_KEY_UILaunchStoryboardName = LaunchScreen;
				INFOPLIST_KEY_UIMainStoryboardFile = Main;
				INFOPLIST_KEY_UISupportedInterfaceOrientations_iPad = "UIInterfaceOrientationPortrait UIInterfaceOrientationPortraitUpsideDown UIInterfaceOrientationLandscapeLeft UIInterfaceOrientationLandscapeRight";
				INFOPLIST_KEY_UISupportedInterfaceOrientations_iPhone = "UIInterfaceOrientationPortrait UIInterfaceOrientationLandscapeLeft UIInterfaceOrientationLandscapeRight";
				LD_RUNPATH_SEARCH_PATHS = (
					"$(inherited)",
					"@executable_path/Frameworks",
				);
				MARKETING_VERSION = 1.0;
				PRODUCT_BUNDLE_IDENTIFIER = in.bitcode.FetchDataAssignment2CollectionView1;
				PRODUCT_NAME = "$(TARGET_NAME)";
				SWIFT_EMIT_LOC_STRINGS = YES;
				SWIFT_VERSION = 5.0;
				TARGETED_DEVICE_FAMILY = "1,2";
			};
			name = Release;
		};
/* End XCBuildConfiguration section */

/* Begin XCConfigurationList section */
		043550762B36B43100460DC8 /* Build configuration list for PBXProject "FetchDataAssignment2CollectionView1" */ = {
			isa = XCConfigurationList;
			buildConfigurations = (
				0435508D2B36B43200460DC8 /* Debug */,
				0435508E2B36B43200460DC8 /* Release */,
			);
			defaultConfigurationIsVisible = 0;
			defaultConfigurationName = Release;
		};
		0435508F2B36B43200460DC8 /* Build configuration list for PBXNativeTarget "FetchDataAssignment2CollectionView1" */ = {
			isa = XCConfigurationList;
			buildConfigurations = (
				043550902B36B43200460DC8 /* Debug */,
				043550912B36B43200460DC8 /* Release */,
			);
			defaultConfigurationIsVisible = 0;
			defaultConfigurationName = Release;
		};
/* End XCConfigurationList section */

/* Begin XCRemoteSwiftPackageReference section */
		043550962B36B4EF00460DC8 /* XCRemoteSwiftPackageReference "Kingfisher" */ = {
			isa = XCRemoteSwiftPackageReference;
			repositoryURL = "https://github.com/onevcat/Kingfisher";
			requirement = {
				branch = master;
				kind = branch;
			};
		};
/* End XCRemoteSwiftPackageReference section */

/* Begin XCSwiftPackageProductDependency section */
		043550972B36B4EF00460DC8 /* Kingfisher */ = {
			isa = XCSwiftPackageProductDependency;
			package = 043550962B36B4EF00460DC8 /* XCRemoteSwiftPackageReference "Kingfisher" */;
			productName = Kingfisher;
		};
/* End XCSwiftPackageProductDependency section */
	};
	rootObject = 043550732B36B43100460DC8 /* Project object */;
}
